
Microsoft Visual Studio Solution File, Format Version 12.00
# Visual Studio Version 17
VisualStudioVersion = 17.0.31903.59
MinimumVisualStudioVersion = 10.0.40219.1
Project("{2150E333-8FDC-42A3-9474-1A3956D46DE8}") = "src", "src", "{827E0CD3-B72D-47B6-A68D-7590B98EB39B}"
EndProject
Project("{FAE04EC0-301F-11D3-BF4B-00C04F79EFBC}") = "DriveJournal.Domain", "src\DriveJournal.Domain\DriveJournal.Domain.csproj", "{23743067-40EC-4F9A-BAC0-A17EC06BC0F7}"
EndProject
Project("{FAE04EC0-301F-11D3-BF4B-00C04F79EFBC}") = "DriveJournal.Application", "src\DriveJournal.Application\DriveJournal.Application.csproj", "{F38AFAA7-B938-4E08-85E5-7ABD66B2E4F4}"
EndProject
Project("{FAE04EC0-301F-11D3-BF4B-00C04F79EFBC}") = "DriveJournal.Infrastructure", "src\DriveJournal.Infrastructure\DriveJournal.Infrastructure.csproj", "{7221A002-FF8F-437B-8B0D-FC1489F2D4E0}"
EndProject
Project("{FAE04EC0-301F-11D3-BF4B-00C04F79EFBC}") = "DriveJournal.API", "src\DriveJournal.API\DriveJournal.API.csproj", "{C8E62408-0F2D-4D5A-9A05-55C153BE5859}"
EndProject
Project("{FAE04EC0-301F-11D3-BF4B-00C04F79EFBC}") = "DriveJournal.Tests", "tests\DriveJournal.Tests\DriveJournal.Tests.csproj", "{704F393D-44A2-4576-B695-5849FE7F559A}"
EndProject
Global
	GlobalSection(SolutionConfigurationPlatforms) = preSolution
		Debug|Any CPU = Debug|Any CPU
		Debug|x64 = Debug|x64
		Debug|x86 = Debug|x86
		Release|Any CPU = Release|Any CPU
		Release|x64 = Release|x64
		Release|x86 = Release|x86
	EndGlobalSection
	GlobalSection(ProjectConfigurationPlatforms) = postSolution
		{23743067-40EC-4F9A-BAC0-A17EC06BC0F7}.Debug|Any CPU.ActiveCfg = Debug|Any CPU
		{23743067-40EC-4F9A-BAC0-A17EC06BC0F7}.Debug|Any CPU.Build.0 = Debug|Any CPU
		{23743067-40EC-4F9A-BAC0-A17EC06BC0F7}.Debug|x64.ActiveCfg = Debug|Any CPU
		{23743067-40EC-4F9A-BAC0-A17EC06BC0F7}.Debug|x64.Build.0 = Debug|Any CPU
		{23743067-40EC-4F9A-BAC0-A17EC06BC0F7}.Debug|x86.ActiveCfg = Debug|Any CPU
		{23743067-40EC-4F9A-BAC0-A17EC06BC0F7}.Debug|x86.Build.0 = Debug|Any CPU
		{23743067-40EC-4F9A-BAC0-A17EC06BC0F7}.Release|Any CPU.ActiveCfg = Release|Any CPU
		{23743067-40EC-4F9A-BAC0-A17EC06BC0F7}.Release|Any CPU.Build.0 = Release|Any CPU
		{23743067-40EC-4F9A-BAC0-A17EC06BC0F7}.Release|x64.ActiveCfg = Release|Any CPU
		{23743067-40EC-4F9A-BAC0-A17EC06BC0F7}.Release|x64.Build.0 = Release|Any CPU
		{23743067-40EC-4F9A-BAC0-A17EC06BC0F7}.Release|x86.ActiveCfg = Release|Any CPU
		{23743067-40EC-4F9A-BAC0-A17EC06BC0F7}.Release|x86.Build.0 = Release|Any CPU
		{F38AFAA7-B938-4E08-85E5-7ABD66B2E4F4}.Debug|Any CPU.ActiveCfg = Debug|Any CPU
		{F38AFAA7-B938-4E08-85E5-7ABD66B2E4F4}.Debug|Any CPU.Build.0 = Debug|Any CPU
		{F38AFAA7-B938-4E08-85E5-7ABD66B2E4F4}.Debug|x64.ActiveCfg = Debug|Any CPU
		{F38AFAA7-B938-4E08-85E5-7ABD66B2E4F4}.Debug|x64.Build.0 = Debug|Any CPU
		{F38AFAA7-B938-4E08-85E5-7ABD66B2E4F4}.Debug|x86.ActiveCfg = Debug|Any CPU
		{F38AFAA7-B938-4E08-85E5-7ABD66B2E4F4}.Debug|x86.Build.0 = Debug|Any CPU
		{F38AFAA7-B938-4E08-85E5-7ABD66B2E4F4}.Release|Any CPU.ActiveCfg = Release|Any CPU
		{F38AFAA7-B938-4E08-85E5-7ABD66B2E4F4}.Release|Any CPU.Build.0 = Release|Any CPU
		{F38AFAA7-B938-4E08-85E5-7ABD66B2E4F4}.Release|x64.ActiveCfg = Release|Any CPU
		{F38AFAA7-B938-4E08-85E5-7ABD66B2E4F4}.Release|x64.Build.0 = Release|Any CPU
		{F38AFAA7-B938-4E08-85E5-7ABD66B2E4F4}.Release|x86.ActiveCfg = Release|Any CPU
		{F38AFAA7-B938-4E08-85E5-7ABD66B2E4F4}.Release|x86.Build.0 = Release|Any CPU
		{7221A002-FF8F-437B-8B0D-FC1489F2D4E0}.Debug|Any CPU.ActiveCfg = Debug|Any CPU
		{7221A002-FF8F-437B-8B0D-FC1489F2D4E0}.Debug|Any CPU.Build.0 = Debug|Any CPU
		{7221A002-FF8F-437B-8B0D-FC1489F2D4E0}.Debug|x64.ActiveCfg = Debug|Any CPU
		{7221A002-FF8F-437B-8B0D-FC1489F2D4E0}.Debug|x64.Build.0 = Debug|Any CPU
		{7221A002-FF8F-437B-8B0D-FC1489F2D4E0}.Debug|x86.ActiveCfg = Debug|Any CPU
		{7221A002-FF8F-437B-8B0D-FC1489F2D4E0}.Debug|x86.Build.0 = Debug|Any CPU
		{7221A002-FF8F-437B-8B0D-FC1489F2D4E0}.Release|Any CPU.ActiveCfg = Release|Any CPU
		{7221A002-FF8F-437B-8B0D-FC1489F2D4E0}.Release|Any CPU.Build.0 = Release|Any CPU
		{7221A002-FF8F-437B-8B0D-FC1489F2D4E0}.Release|x64.ActiveCfg = Release|Any CPU
		{7221A002-FF8F-437B-8B0D-FC1489F2D4E0}.Release|x64.Build.0 = Release|Any CPU
		{7221A002-FF8F-437B-8B0D-FC1489F2D4E0}.Release|x86.ActiveCfg = Release|Any CPU
		{7221A002-FF8F-437B-8B0D-FC1489F2D4E0}.Release|x86.Build.0 = Release|Any CPU
		{C8E62408-0F2D-4D5A-9A05-55C153BE5859}.Debug|Any CPU.ActiveCfg = Debug|Any CPU
		{C8E62408-0F2D-4D5A-9A05-55C153BE5859}.Debug|Any CPU.Build.0 = Debug|Any CPU
		{C8E62408-0F2D-4D5A-9A05-55C153BE5859}.Debug|x64.ActiveCfg = Debug|Any CPU
		{C8E62408-0F2D-4D5A-9A05-55C153BE5859}.Debug|x64.Build.0 = Debug|Any CPU
		{C8E62408-0F2D-4D5A-9A05-55C153BE5859}.Debug|x86.ActiveCfg = Debug|Any CPU
		{C8E62408-0F2D-4D5A-9A05-55C153BE5859}.Debug|x86.Build.0 = Debug|Any CPU
		{C8E62408-0F2D-4D5A-9A05-55C153BE5859}.Release|Any CPU.ActiveCfg = Release|Any CPU
		{C8E62408-0F2D-4D5A-9A05-55C153BE5859}.Release|Any CPU.Build.0 = Release|Any CPU
		{C8E62408-0F2D-4D5A-9A05-55C153BE5859}.Release|x64.ActiveCfg = Release|Any CPU
		{C8E62408-0F2D-4D5A-9A05-55C153BE5859}.Release|x64.Build.0 = Release|Any CPU
		{C8E62408-0F2D-4D5A-9A05-55C153BE5859}.Release|x86.ActiveCfg = Release|Any CPU
		{C8E62408-0F2D-4D5A-9A05-55C153BE5859}.Release|x86.Build.0 = Release|Any CPU
		{704F393D-44A2-4576-B695-5849FE7F559A}.Debug|Any CPU.ActiveCfg = Debug|Any CPU
		{704F393D-44A2-4576-B695-5849FE7F559A}.Debug|Any CPU.Build.0 = Debug|Any CPU
		{704F393D-44A2-4576-B695-5849FE7F559A}.Debug|x64.ActiveCfg = Debug|Any CPU
		{704F393D-44A2-4576-B695-5849FE7F559A}.Debug|x64.Build.0 = Debug|Any CPU
		{704F393D-44A2-4576-B695-5849FE7F559A}.Debug|x86.ActiveCfg = Debug|Any CPU
		{704F393D-44A2-4576-B695-5849FE7F559A}.Debug|x86.Build.0 = Debug|Any CPU
		{704F393D-44A2-4576-B695-5849FE7F559A}.Release|Any CPU.ActiveCfg = Release|Any CPU
		{704F393D-44A2-4576-B695-5849FE7F559A}.Release|Any CPU.Build.0 = Release|Any CPU
		{704F393D-44A2-4576-B695-5849FE7F559A}.Release|x64.ActiveCfg = Release|Any CPU
		{704F393D-44A2-4576-B695-5849FE7F559A}.Release|x64.Build.0 = Release|Any CPU
		{704F393D-44A2-4576-B695-5849FE7F559A}.Release|x86.ActiveCfg = Release|Any CPU
		{704F393D-44A2-4576-B695-5849FE7F559A}.Release|x86.Build.0 = Release|Any CPU
	EndGlobalSection
	GlobalSection(SolutionProperties) = preSolution
		HideSolutionNode = FALSE
	EndGlobalSection
	GlobalSection(NestedProjects) = preSolution
		{23743067-40EC-4F9A-BAC0-A17EC06BC0F7} = {827E0CD3-B72D-47B6-A68D-7590B98EB39B}
		{F38AFAA7-B938-4E08-85E5-7ABD66B2E4F4} = {827E0CD3-B72D-47B6-A68D-7590B98EB39B}
		{7221A002-FF8F-437B-8B0D-FC1489F2D4E0} = {827E0CD3-B72D-47B6-A68D-7590B98EB39B}
		{C8E62408-0F2D-4D5A-9A05-55C153BE5859} = {827E0CD3-B72D-47B6-A68D-7590B98EB39B}
		{704F393D-44A2-4576-B695-5849FE7F559A} = {827E0CD3-B72D-47B6-A68D-7590B98EB39B}
	EndGlobalSection
EndGlobal
